lockfileVersion: '9.0'

settings:
  autoInstallPeers: true
  excludeLinksFromLockfile: false

importers:

  .:
    devDependencies:
      '@iarna/toml':
        specifier: ^2.2.5
        version: 2.2.5
      typescript:
        specifier: ^5.7.3
        version: 5.7.3
      zx:
        specifier: ^8.3.2
        version: 8.3.2

packages:

  '@iarna/toml@2.2.5':
    resolution: {integrity: sha512-trnsAYxU3xnS1gPHPyU961coFyLkh4gAD/0zQ5mymY4yOZ+CYvsPqUbOFSw0aDM4y0tV7tiFxL/1XfXPNC6IPg==}

  '@types/fs-extra@11.0.4':
    resolution: {integrity: sha512-yTbItCNreRooED33qjunPthRcSjERP1r4MqCZc7wv0u2sUkzTFp45tgUfS5+r7FrZPdmCCNflLhVSP/o+SemsQ==}

  '@types/jsonfile@6.1.4':
    resolution: {integrity: sha512-D5qGUYwjvnNNextdU59/+fI+spnwtTFmyQP0h+PfIOSkNfpU6AOICUOkm4i0OnSk+NyjdPJrxCDro0sJsWlRpQ==}

  '@types/node@22.13.0':
    resolution: {integrity: sha512-ClIbNe36lawluuvq3+YYhnIN2CELi+6q8NpnM7PYp4hBn/TatfboPgVSm2rwKRfnV2M+Ty9GWDFI64KEe+kysA==}

  typescript@5.7.3:
    resolution: {integrity: sha512-84MVSjMEHP+FQRPy3pX9sTVV/INIex71s9TL2Gm5FG/WG1SqXeKyZ0k7/blY/4FdOzI12CBy1vGc4og/eus0fw==}
    engines: {node: '>=14.17'}
    hasBin: true

  undici-types@6.20.0:
    resolution: {integrity: sha512-Ny6QZ2Nju20vw1SRHe3d9jVu6gJ+4e3+MMpqu7pqE5HT6WsTSlce++GQmK5UXS8mzV8DSYHrQH+Xrf2jVcuKNg==}

  zx@8.3.2:
    resolution: {integrity: sha512-qjTunv1NClO05jDaUjrNZfpqC9yvNCchge/bzOcQevsh1aM5qE3TG6MY24kuQKlOWx+7vNuhqO2wa9nQCIGvZA==}
    engines: {node: '>= 12.17.0'}
    hasBin: true

snapshots:

  '@iarna/toml@2.2.5': {}

  '@types/fs-extra@11.0.4':
    dependencies:
      '@types/jsonfile': 6.1.4
      '@types/node': 22.13.0
    optional: true

  '@types/jsonfile@6.1.4':
    dependencies:
      '@types/node': 22.13.0
    optional: true

  '@types/node@22.13.0':
    dependencies:
      undici-types: 6.20.0
    optional: true

  typescript@5.7.3: {}

  undici-types@6.20.0:
    optional: true

  zx@8.3.2:
    optionalDependencies:
      '@types/fs-extra': 11.0.4
      '@types/node': 22.13.0
