lockfileVersion: '9.0'

settings:
  autoInstallPeers: true
  excludeLinksFromLockfile: false

importers:

  .:
    devDependencies:
      '@iarna/toml':
        specifier: ^2.2.5
        version: 2.2.5
      typescript:
        specifier: ^5.8.3
        version: 5.8.3
      zx:
        specifier: ^8.5.0
        version: 8.5.0

packages:

  '@iarna/toml@2.2.5':
    resolution: {integrity: sha512-trnsAYxU3xnS1gPHPyU961coFyLkh4gAD/0zQ5mymY4yOZ+CYvsPqUbOFSw0aDM4y0tV7tiFxL/1XfXPNC6IPg==}

  typescript@5.8.3:
    resolution: {integrity: sha512-p1diW6TqL9L07nNxvRMM7hMMw4c5XOo/1ibL4aAIGmSAt9slTE1Xgw5KWuof2uTOvCg9BY7ZRi+GaF+7sfgPeQ==}
    engines: {node: '>=14.17'}
    hasBin: true

  zx@8.5.0:
    resolution: {integrity: sha512-XS5/oKOQxKNfG2sVO6TQQjZF5RqWGE5QGSUOCZZVTnvYr3RDBTdbX3IFmV9CrnycCAQWcY0hAD3DDUa4RJE4+w==}
    engines: {node: '>= 12.17.0'}
    hasBin: true

snapshots:

  '@iarna/toml@2.2.5': {}

  typescript@5.8.3: {}

  zx@8.5.0: {}
